
Microsoft Visual Studio Solution File, Format Version 12.00
# Visual Studio Version 17
VisualStudioVersion = 17.14.36429.23 d17.14
MinimumVisualStudioVersion = 10.0.40219.1
Project("{54A90642-561A-4BB1-A94E-469ADEE60C69}") = "projectsales.client", "projectsales.client\projectsales.client.esproj", "{2DDF2B0A-B15B-6348-528E-C68537837574}"
EndProject
Project("{FAE04EC0-301F-11D3-BF4B-00C04F79EFBC}") = "projectSales.Server", "projectSales.Server\projectSales.Server.csproj", "{4FB8B282-8783-4BA0-B17C-31CD2D5D1DA6}"
EndProject
Global
	GlobalSection(SolutionConfigurationPlatforms) = preSolution
		Debug|Any CPU = Debug|Any CPU
		Release|Any CPU = Release|Any CPU
	EndGlobalSection
	GlobalSection(ProjectConfigurationPlatforms) = postSolution
		{2DDF2B0A-B15B-6348-528E-C68537837574}.Debug|Any CPU.ActiveCfg = Debug|Any CPU
		{2DDF2B0A-B15B-6348-528E-C68537837574}.Debug|Any CPU.Build.0 = Debug|Any CPU
		{2DDF2B0A-B15B-6348-528E-C68537837574}.Debug|Any CPU.Deploy.0 = Debug|Any CPU
		{2DDF2B0A-B15B-6348-528E-C68537837574}.Release|Any CPU.ActiveCfg = Release|Any CPU
		{2DDF2B0A-B15B-6348-528E-C68537837574}.Release|Any CPU.Build.0 = Release|Any CPU
		{2DDF2B0A-B15B-6348-528E-C68537837574}.Release|Any CPU.Deploy.0 = Release|Any CPU
		{4FB8B282-8783-4BA0-B17C-31CD2D5D1DA6}.Debug|Any CPU.ActiveCfg = Debug|Any CPU
		{4FB8B282-8783-4BA0-B17C-31CD2D5D1DA6}.Debug|Any CPU.Build.0 = Debug|Any CPU
		{4FB8B282-8783-4BA0-B17C-31CD2D5D1DA6}.Release|Any CPU.ActiveCfg = Release|Any CPU
		{4FB8B282-8783-4BA0-B17C-31CD2D5D1DA6}.Release|Any CPU.Build.0 = Release|Any CPU
	EndGlobalSection
	GlobalSection(SolutionProperties) = preSolution
		HideSolutionNode = FALSE
	EndGlobalSection
	GlobalSection(ExtensibilityGlobals) = postSolution
		SolutionGuid = {C7FFA3CA-B374-4D4F-9177-F11826B34FC2}
	EndGlobalSection
EndGlobal
